# THIS IS AN AUTOGENERATED FILE. DO NOT EDIT THIS FILE DIRECTLY.
# yarn lockfile v1


"@rabota/analytics-layer@^0.8.2":
  version "0.8.2"
  resolved "https://registry.yarnpkg.com/@rabota/analytics-layer/-/analytics-layer-0.8.2.tgz#04227298a7813a0caa556ad684ca5b5d5e173e93"
  integrity sha512-hdw3DKZkrIhQ8KdVX7Y9rq1vXbio+CdnEzHN0h+KOCbW6tKKwMZeYBHEnS3cIoG+qxR1ehIbATuSLYzezl0nGA==
